
Microsoft Visual Studio Solution File, Format Version 12.00
# Visual Studio 2012
Project("{FAE04EC0-301F-11D3-BF4B-00C04F79EFBC}") = "QL_TourDLPM", "QL_TourDLPM\QL_TourDLPM.csproj", "{27C50909-1DDF-4016-AF2B-FE508D517EDD}"
EndProject
Project("{FAE04EC0-301F-11D3-BF4B-00C04F79EFBC}") = "BLL_DAL", "BLL_DAL\BLL_DAL.csproj", "{44624E31-9C1D-4488-ABC9-2D075712D31B}"
EndProject
Global
	GlobalSection(SolutionConfigurationPlatforms) = preSolution
		Debug|Any CPU = Debug|Any CPU
		Release|Any CPU = Release|Any CPU
	EndGlobalSection
	GlobalSection(ProjectConfigurationPlatforms) = postSolution
		{27C50909-1DDF-4016-AF2B-FE508D517EDD}.Debug|Any CPU.ActiveCfg = Debug|Any CPU
		{27C50909-1DDF-4016-AF2B-FE508D517EDD}.Debug|Any CPU.Build.0 = Debug|Any CPU
		{27C50909-1DDF-4016-AF2B-FE508D517EDD}.Release|Any CPU.ActiveCfg = Release|Any CPU
		{27C50909-1DDF-4016-AF2B-FE508D517EDD}.Release|Any CPU.Build.0 = Release|Any CPU
		{44624E31-9C1D-4488-ABC9-2D075712D31B}.Debug|Any CPU.ActiveCfg = Debug|Any CPU
		{44624E31-9C1D-4488-ABC9-2D075712D31B}.Debug|Any CPU.Build.0 = Debug|Any CPU
		{44624E31-9C1D-4488-ABC9-2D075712D31B}.Release|Any CPU.ActiveCfg = Release|Any CPU
		{44624E31-9C1D-4488-ABC9-2D075712D31B}.Release|Any CPU.Build.0 = Release|Any CPU
	EndGlobalSection
	GlobalSection(SolutionProperties) = preSolution
		HideSolutionNode = FALSE
	EndGlobalSection
EndGlobal
